
Microsoft Visual Studio Solution File, Format Version 12.00
# Visual Studio 15
VisualStudioVersion = 15.0.28307.329
MinimumVisualStudioVersion = 10.0.40219.1
Project("{FAE04EC0-301F-11D3-BF4B-00C04F79EFBC}") = "AwsS3BucketWebApi", "AwsS3BucketWebApi\AwsS3BucketWebApi.csproj", "{AA1FAD00-9C24-4337-8D4D-FAE48B58ACEA}"
EndProject
Global
	GlobalSection(SolutionConfigurationPlatforms) = preSolution
		Debug|Any CPU = Debug|Any CPU
		Release|Any CPU = Release|Any CPU
	EndGlobalSection
	GlobalSection(ProjectConfigurationPlatforms) = postSolution
		{AA1FAD00-9C24-4337-8D4D-FAE48B58ACEA}.Debug|Any CPU.ActiveCfg = Debug|Any CPU
		{AA1FAD00-9C24-4337-8D4D-FAE48B58ACEA}.Debug|Any CPU.Build.0 = Debug|Any CPU
		{AA1FAD00-9C24-4337-8D4D-FAE48B58ACEA}.Release|Any CPU.ActiveCfg = Release|Any CPU
		{AA1FAD00-9C24-4337-8D4D-FAE48B58ACEA}.Release|Any CPU.Build.0 = Release|Any CPU
	EndGlobalSection
	GlobalSection(SolutionProperties) = preSolution
		HideSolutionNode = FALSE
	EndGlobalSection
	GlobalSection(ExtensibilityGlobals) = postSolution
		SolutionGuid = {D094DE5B-1F00-4B53-9EAE-3A7A9CD4FC9A}
	EndGlobalSection
EndGlobal
